
Microsoft Visual Studio Solution File, Format Version 12.00
# Visual Studio 15
VisualStudioVersion = 15.0.26730.3
MinimumVisualStudioVersion = 10.0.40219.1
Project("{9A19103F-16F7-4668-BE54-9A1E7A4F7556}") = "Nooptime.Tests", "src\Nooptime.Tests\Nooptime.Tests.csproj", "{170D2567-9A00-4046-93B5-659C481149A6}"
EndProject
Project("{FAE04EC0-301F-11D3-BF4B-00C04F79EFBC}") = "Nooptime.Web", "src\Nooptime.Web\Nooptime.Web.csproj", "{53C3818C-15D2-42F0-B51E-247D1017B3AD}"
EndProject
Project("{FAE04EC0-301F-11D3-BF4B-00C04F79EFBC}") = "Nooptime.Domain", "src\Nooptime.Domain\Nooptime.Domain.csproj", "{69AB0ECD-2D02-48A3-AF95-7F4052A90F4C}"
EndProject
Global
	GlobalSection(SolutionConfigurationPlatforms) = preSolution
		Debug|Any CPU = Debug|Any CPU
		Release|Any CPU = Release|Any CPU
	EndGlobalSection
	GlobalSection(ProjectConfigurationPlatforms) = postSolution
		{170D2567-9A00-4046-93B5-659C481149A6}.Debug|Any CPU.ActiveCfg = Debug|Any CPU
		{170D2567-9A00-4046-93B5-659C481149A6}.Debug|Any CPU.Build.0 = Debug|Any CPU
		{170D2567-9A00-4046-93B5-659C481149A6}.Release|Any CPU.ActiveCfg = Release|Any CPU
		{170D2567-9A00-4046-93B5-659C481149A6}.Release|Any CPU.Build.0 = Release|Any CPU
		{53C3818C-15D2-42F0-B51E-247D1017B3AD}.Debug|Any CPU.ActiveCfg = Debug|Any CPU
		{53C3818C-15D2-42F0-B51E-247D1017B3AD}.Debug|Any CPU.Build.0 = Debug|Any CPU
		{53C3818C-15D2-42F0-B51E-247D1017B3AD}.Release|Any CPU.ActiveCfg = Release|Any CPU
		{53C3818C-15D2-42F0-B51E-247D1017B3AD}.Release|Any CPU.Build.0 = Release|Any CPU
		{69AB0ECD-2D02-48A3-AF95-7F4052A90F4C}.Debug|Any CPU.ActiveCfg = Debug|Any CPU
		{69AB0ECD-2D02-48A3-AF95-7F4052A90F4C}.Debug|Any CPU.Build.0 = Debug|Any CPU
		{69AB0ECD-2D02-48A3-AF95-7F4052A90F4C}.Release|Any CPU.ActiveCfg = Release|Any CPU
		{69AB0ECD-2D02-48A3-AF95-7F4052A90F4C}.Release|Any CPU.Build.0 = Release|Any CPU
	EndGlobalSection
	GlobalSection(SolutionProperties) = preSolution
		HideSolutionNode = FALSE
	EndGlobalSection
	GlobalSection(ExtensibilityGlobals) = postSolution
		SolutionGuid = {310641AC-1417-4E84-9A89-4B1B43F6B272}
	EndGlobalSection
EndGlobal
